// !$*UTF8*$!
{
	archiveVersion = 1;
	classes = {
	};
	objectVersion = 56;
	objects = {

/* Begin PBXBuildFile section */
		4016F0B32A28568000593AFE /* TimeSpeakerApp.swift in Sources */ = {isa = PBXBuildFile; fileRef = 4016F0B22A28568000593AFE /* TimeSpeakerApp.swift */; };
		4016F0B52A28568000593AFE /* ContentView.swift in Sources */ = {isa = PBXBuildFile; fileRef = 4016F0B42A28568000593AFE /* ContentView.swift */; };
		4016F0B72A28568100593AFE /* Assets.xcassets in Resources */ = {isa = PBXBuildFile; fileRef = 4016F0B62A28568100593AFE /* Assets.xcassets */; };
		4016F0BA2A28568100593AFE /* Preview Assets.xcassets in Resources */ = {isa = PBXBuildFile; fileRef = 4016F0B92A28568100593AFE /* Preview Assets.xcassets */; };
		4016F0C42A28568100593AFE /* TimeSpeakerTests.swift in Sources */ = {isa = PBXBuildFile; fileRef = 4016F0C32A28568100593AFE /* TimeSpeakerTests.swift */; };
		4016F0CE2A28568100593AFE /* TimeSpeakerUITests.swift in Sources */ = {isa = PBXBuildFile; fileRef = 4016F0CD2A28568100593AFE /* TimeSpeakerUITests.swift */; };
		4016F0D02A28568100593AFE /* TimeSpeakerUITestsLaunchTests.swift in Sources */ = {isa = PBXBuildFile; fileRef = 4016F0CF2A28568100593AFE /* TimeSpeakerUITestsLaunchTests.swift */; };
		4016F0DD2A28581600593AFE /* SpeechSynthesizer.swift in Sources */ = {isa = PBXBuildFile; fileRef = 4016F0DC2A28581600593AFE /* SpeechSynthesizer.swift */; };
		F2804C482A5BF2C6005D9EB3 /* Localizable.strings in Resources */ = {isa = PBXBuildFile; fileRef = F2804C4A2A5BF2C6005D9EB3 /* Localizable.strings */; };
		FFBDCD0C2A5670E7008C339C /* SKMuteSwitchDetector.m in Sources */ = {isa = PBXBuildFile; fileRef = FFBDCD0B2A5670E6008C339C /* SKMuteSwitchDetector.m */; };
/* End PBXBuildFile section */

/* Begin PBXContainerItemProxy section */
		4016F0C02A28568100593AFE /* PBXContainerItemProxy */ = {
			isa = PBXContainerItemProxy;
			containerPortal = 4016F0A72A28568000593AFE /* Project object */;
			proxyType = 1;
			remoteGlobalIDString = 4016F0AE2A28568000593AFE;
			remoteInfo = TimeSpeaker;
		};
		4016F0CA2A28568100593AFE /* PBXContainerItemProxy */ = {
			isa = PBXContainerItemProxy;
			containerPortal = 4016F0A72A28568000593AFE /* Project object */;
			proxyType = 1;
			remoteGlobalIDString = 4016F0AE2A28568000593AFE;
			remoteInfo = TimeSpeaker;
		};
/* End PBXContainerItemProxy section */

/* Begin PBXFileReference section */
		4016F0AF2A28568000593AFE /* What Mins?.app */ = {isa = PBXFileReference; explicitFileType = wrapper.application; includeInIndex = 0; path = "What Mins?.app"; sourceTree = BUILT_PRODUCTS_DIR; };
		4016F0B22A28568000593AFE /* TimeSpeakerApp.swift */ = {isa = PBXFileReference; lastKnownFileType = sourcecode.swift; path = TimeSpeakerApp.swift; sourceTree = "<group>"; };
		4016F0B42A28568000593AFE /* ContentView.swift */ = {isa = PBXFileReference; lastKnownFileType = sourcecode.swift; path = ContentView.swift; sourceTree = "<group>"; };
		4016F0B62A28568100593AFE /* Assets.xcassets */ = {isa = PBXFileReference; lastKnownFileType = folder.assetcatalog; path = Assets.xcassets; sourceTree = "<group>"; };
		4016F0B92A28568100593AFE /* Preview Assets.xcassets */ = {isa = PBXFileReference; lastKnownFileType = folder.assetcatalog; path = "Preview Assets.xcassets"; sourceTree = "<group>"; };
		4016F0BF2A28568100593AFE /* What Mins?Tests.xctest */ = {isa = PBXFileReference; explicitFileType = wrapper.cfbundle; includeInIndex = 0; path = "What Mins?Tests.xctest"; sourceTree = BUILT_PRODUCTS_DIR; };
		4016F0C32A28568100593AFE /* TimeSpeakerTests.swift */ = {isa = PBXFileReference; lastKnownFileType = sourcecode.swift; path = TimeSpeakerTests.swift; sourceTree = "<group>"; };
		4016F0C92A28568100593AFE /* What Mins?UITests.xctest */ = {isa = PBXFileReference; explicitFileType = wrapper.cfbundle; includeInIndex = 0; path = "What Mins?UITests.xctest"; sourceTree = BUILT_PRODUCTS_DIR; };
		4016F0CD2A28568100593AFE /* TimeSpeakerUITests.swift */ = {isa = PBXFileReference; lastKnownFileType = sourcecode.swift; path = TimeSpeakerUITests.swift; sourceTree = "<group>"; };
		4016F0CF2A28568100593AFE /* TimeSpeakerUITestsLaunchTests.swift */ = {isa = PBXFileReference; lastKnownFileType = sourcecode.swift; path = TimeSpeakerUITestsLaunchTests.swift; sourceTree = "<group>"; };
		4016F0DC2A28581600593AFE /* SpeechSynthesizer.swift */ = {isa = PBXFileReference; lastKnownFileType = sourcecode.swift; path = SpeechSynthesizer.swift; sourceTree = "<group>"; };
		F2804C492A5BF2C6005D9EB3 /* en */ = {isa = PBXFileReference; lastKnownFileType = text.plist.strings; name = en; path = en.lproj/Localizable.strings; sourceTree = "<group>"; };
		F2804C4B2A5BF303005D9EB3 /* ko */ = {isa = PBXFileReference; lastKnownFileType = text.plist.strings; name = ko; path = ko.lproj/Localizable.strings; sourceTree = "<group>"; };
		F2804C4D2A5BF391005D9EB3 /* es */ = {isa = PBXFileReference; lastKnownFileType = text.plist.strings; name = es; path = es.lproj/Localizable.strings; sourceTree = "<group>"; };
		F2804C4E2A5BF3B0005D9EB3 /* zh-HK */ = {isa = PBXFileReference; lastKnownFileType = text.plist.strings; name = "zh-HK"; path = "zh-HK.lproj/Localizable.strings"; sourceTree = "<group>"; };
		F2804C4F2A5BF3BE005D9EB3 /* ja */ = {isa = PBXFileReference; lastKnownFileType = text.plist.strings; name = ja; path = ja.lproj/Localizable.strings; sourceTree = "<group>"; };
		F2804C502A5BF3C9005D9EB3 /* de */ = {isa = PBXFileReference; lastKnownFileType = text.plist.strings; name = de; path = de.lproj/Localizable.strings; sourceTree = "<group>"; };
		F2804C512A5BF3D2005D9EB3 /* fr */ = {isa = PBXFileReference; lastKnownFileType = text.plist.strings; name = fr; path = fr.lproj/Localizable.strings; sourceTree = "<group>"; };
		F2804C522A5BF439005D9EB3 /* it */ = {isa = PBXFileReference; lastKnownFileType = text.plist.strings; name = it; path = it.lproj/Localizable.strings; sourceTree = "<group>"; };
		FFBDCD092A5670E6008C339C /* What Mins?-Bridging-Header.h */ = {isa = PBXFileReference; lastKnownFileType = sourcecode.c.h; path = "What Mins?-Bridging-Header.h"; sourceTree = "<group>"; };
		FFBDCD0A2A5670E6008C339C /* SKMuteSwitchDetector.h */ = {isa = PBXFileReference; fileEncoding = 4; lastKnownFileType = sourcecode.c.h; path = SKMuteSwitchDetector.h; sourceTree = "<group>"; };
		FFBDCD0B2A5670E6008C339C /* SKMuteSwitchDetector.m */ = {isa = PBXFileReference; fileEncoding = 4; lastKnownFileType = sourcecode.c.objc; path = SKMuteSwitchDetector.m; sourceTree = "<group>"; };
/* End PBXFileReference section */

/* Begin PBXFrameworksBuildPhase section */
		4016F0AC2A28568000593AFE /* Frameworks */ = {
			isa = PBXFrameworksBuildPhase;
			buildActionMask = 2147483647;
			files = (
			);
			runOnlyForDeploymentPostprocessing = 0;
		};
		4016F0BC2A28568100593AFE /* Frameworks */ = {
			isa = PBXFrameworksBuildPhase;
			buildActionMask = 2147483647;
			files = (
			);
			runOnlyForDeploymentPostprocessing = 0;
		};
		4016F0C62A28568100593AFE /* Frameworks */ = {
			isa = PBXFrameworksBuildPhase;
			buildActionMask = 2147483647;
			files = (
			);
			runOnlyForDeploymentPostprocessing = 0;
		};
/* End PBXFrameworksBuildPhase section */

/* Begin PBXGroup section */
		4016F0A62A28568000593AFE = {
			isa = PBXGroup;
			children = (
				4016F0B12A28568000593AFE /* What Mins? */,
				4016F0C22A28568100593AFE /* What Mins?Tests */,
				4016F0CC2A28568100593AFE /* What Mins?UITests */,
				4016F0B02A28568000593AFE /* Products */,
			);
			sourceTree = "<group>";
		};
		4016F0B02A28568000593AFE /* Products */ = {
			isa = PBXGroup;
			children = (
				4016F0AF2A28568000593AFE /* What Mins?.app */,
				4016F0BF2A28568100593AFE /* What Mins?Tests.xctest */,
				4016F0C92A28568100593AFE /* What Mins?UITests.xctest */,
			);
			name = Products;
			sourceTree = "<group>";
		};
		4016F0B12A28568000593AFE /* What Mins? */ = {
			isa = PBXGroup;
			children = (
				4016F0B42A28568000593AFE /* ContentView.swift */,
				4016F0DC2A28581600593AFE /* SpeechSynthesizer.swift */,
				4016F0B22A28568000593AFE /* TimeSpeakerApp.swift */,
				FFBDCD0A2A5670E6008C339C /* SKMuteSwitchDetector.h */,
				FFBDCD0B2A5670E6008C339C /* SKMuteSwitchDetector.m */,
				4016F0B62A28568100593AFE /* Assets.xcassets */,
				4016F0B82A28568100593AFE /* Preview Content */,
				FFBDCD092A5670E6008C339C /* What Mins?-Bridging-Header.h */,
				F2804C4A2A5BF2C6005D9EB3 /* Localizable.strings */,
			);
			path = "What Mins?";
			sourceTree = "<group>";
		};
		4016F0B82A28568100593AFE /* Preview Content */ = {
			isa = PBXGroup;
			children = (
				4016F0B92A28568100593AFE /* Preview Assets.xcassets */,
			);
			path = "Preview Content";
			sourceTree = "<group>";
		};
		4016F0C22A28568100593AFE /* What Mins?Tests */ = {
			isa = PBXGroup;
			children = (
				4016F0C32A28568100593AFE /* TimeSpeakerTests.swift */,
			);
			path = "What Mins?Tests";
			sourceTree = "<group>";
		};
		4016F0CC2A28568100593AFE /* What Mins?UITests */ = {
			isa = PBXGroup;
			children = (
				4016F0CD2A28568100593AFE /* TimeSpeakerUITests.swift */,
				4016F0CF2A28568100593AFE /* TimeSpeakerUITestsLaunchTests.swift */,
			);
			path = "What Mins?UITests";
			sourceTree = "<group>";
		};
/* End PBXGroup section */

/* Begin PBXNativeTarget section */
		4016F0AE2A28568000593AFE /* What Mins? */ = {
			isa = PBXNativeTarget;
			buildConfigurationList = 4016F0D32A28568100593AFE /* Build configuration list for PBXNativeTarget "What Mins?" */;
			buildPhases = (
				4016F0AB2A28568000593AFE /* Sources */,
				4016F0AC2A28568000593AFE /* Frameworks */,
				4016F0AD2A28568000593AFE /* Resources */,
			);
			buildRules = (
			);
			dependencies = (
			);
			name = "What Mins?";
			productName = TimeSpeaker;
			productReference = 4016F0AF2A28568000593AFE /* What Mins?.app */;
			productType = "com.apple.product-type.application";
		};
		4016F0BE2A28568100593AFE /* What Mins?Tests */ = {
			isa = PBXNativeTarget;
			buildConfigurationList = 4016F0D62A28568100593AFE /* Build configuration list for PBXNativeTarget "What Mins?Tests" */;
			buildPhases = (
				4016F0BB2A28568100593AFE /* Sources */,
				4016F0BC2A28568100593AFE /* Frameworks */,
				4016F0BD2A28568100593AFE /* Resources */,
			);
			buildRules = (
			);
			dependencies = (
				4016F0C12A28568100593AFE /* PBXTargetDependency */,
			);
			name = "What Mins?Tests";
			productName = TimeSpeakerTests;
			productReference = 4016F0BF2A28568100593AFE /* What Mins?Tests.xctest */;
			productType = "com.apple.product-type.bundle.unit-test";
		};
		4016F0C82A28568100593AFE /* What Mins?UITests */ = {
			isa = PBXNativeTarget;
			buildConfigurationList = 4016F0D92A28568100593AFE /* Build configuration list for PBXNativeTarget "What Mins?UITests" */;
			buildPhases = (
				4016F0C52A28568100593AFE /* Sources */,
				4016F0C62A28568100593AFE /* Frameworks */,
				4016F0C72A28568100593AFE /* Resources */,
			);
			buildRules = (
			);
			dependencies = (
				4016F0CB2A28568100593AFE /* PBXTargetDependency */,
			);
			name = "What Mins?UITests";
			productName = TimeSpeakerUITests;
			productReference = 4016F0C92A28568100593AFE /* What Mins?UITests.xctest */;
			productType = "com.apple.product-type.bundle.ui-testing";
		};
/* End PBXNativeTarget section */

/* Begin PBXProject section */
		4016F0A72A28568000593AFE /* Project object */ = {
			isa = PBXProject;
			attributes = {
				BuildIndependentTargetsInParallel = 1;
				LastSwiftUpdateCheck = 1420;
				LastUpgradeCheck = 1420;
				TargetAttributes = {
					4016F0AE2A28568000593AFE = {
						CreatedOnToolsVersion = 14.2;
						LastSwiftMigration = 1430;
					};
					4016F0BE2A28568100593AFE = {
						CreatedOnToolsVersion = 14.2;
						TestTargetID = 4016F0AE2A28568000593AFE;
					};
					4016F0C82A28568100593AFE = {
						CreatedOnToolsVersion = 14.2;
						TestTargetID = 4016F0AE2A28568000593AFE;
					};
				};
			};
			buildConfigurationList = 4016F0AA2A28568000593AFE /* Build configuration list for PBXProject "What Mins?" */;
			compatibilityVersion = "Xcode 14.0";
			developmentRegion = en;
			hasScannedForEncodings = 0;
			knownRegions = (
				en,
				Base,
				ko,
				es,
				"zh-HK",
				ja,
				de,
				fr,
				it,
			);
			mainGroup = 4016F0A62A28568000593AFE;
			productRefGroup = 4016F0B02A28568000593AFE /* Products */;
			projectDirPath = "";
			projectRoot = "";
			targets = (
				4016F0AE2A28568000593AFE /* What Mins? */,
				4016F0BE2A28568100593AFE /* What Mins?Tests */,
				4016F0C82A28568100593AFE /* What Mins?UITests */,
			);
		};
/* End PBXProject section */

/* Begin PBXResourcesBuildPhase section */
		4016F0AD2A28568000593AFE /* Resources */ = {
			isa = PBXResourcesBuildPhase;
			buildActionMask = 2147483647;
			files = (
				4016F0BA2A28568100593AFE /* Preview Assets.xcassets in Resources */,
				F2804C482A5BF2C6005D9EB3 /* Localizable.strings in Resources */,
				4016F0B72A28568100593AFE /* Assets.xcassets in Resources */,
			);
			runOnlyForDeploymentPostprocessing = 0;
		};
		4016F0BD2A28568100593AFE /* Resources */ = {
			isa = PBXResourcesBuildPhase;
			buildActionMask = 2147483647;
			files = (
			);
			runOnlyForDeploymentPostprocessing = 0;
		};
		4016F0C72A28568100593AFE /* Resources */ = {
			isa = PBXResourcesBuildPhase;
			buildActionMask = 2147483647;
			files = (
			);
			runOnlyForDeploymentPostprocessing = 0;
		};
/* End PBXResourcesBuildPhase section */

/* Begin PBXSourcesBuildPhase section */
		4016F0AB2A28568000593AFE /* Sources */ = {
			isa = PBXSourcesBuildPhase;
			buildActionMask = 2147483647;
			files = (
				4016F0B52A28568000593AFE /* ContentView.swift in Sources */,
				4016F0B32A28568000593AFE /* TimeSpeakerApp.swift in Sources */,
				FFBDCD0C2A5670E7008C339C /* SKMuteSwitchDetector.m in Sources */,
				4016F0DD2A28581600593AFE /* SpeechSynthesizer.swift in Sources */,
			);
			runOnlyForDeploymentPostprocessing = 0;
		};
		4016F0BB2A28568100593AFE /* Sources */ = {
			isa = PBXSourcesBuildPhase;
			buildActionMask = 2147483647;
			files = (
				4016F0C42A28568100593AFE /* TimeSpeakerTests.swift in Sources */,
			);
			runOnlyForDeploymentPostprocessing = 0;
		};
		4016F0C52A28568100593AFE /* Sources */ = {
			isa = PBXSourcesBuildPhase;
			buildActionMask = 2147483647;
			files = (
				4016F0CE2A28568100593AFE /* TimeSpeakerUITests.swift in Sources */,
				4016F0D02A28568100593AFE /* TimeSpeakerUITestsLaunchTests.swift in Sources */,
			);
			runOnlyForDeploymentPostprocessing = 0;
		};
/* End PBXSourcesBuildPhase section */

/* Begin PBXTargetDependency section */
		4016F0C12A28568100593AFE /* PBXTargetDependency */ = {
			isa = PBXTargetDependency;
			target = 4016F0AE2A28568000593AFE /* What Mins? */;
			targetProxy = 4016F0C02A28568100593AFE /* PBXContainerItemProxy */;
		};
		4016F0CB2A28568100593AFE /* PBXTargetDependency */ = {
			isa = PBXTargetDependency;
			target = 4016F0AE2A28568000593AFE /* What Mins? */;
			targetProxy = 4016F0CA2A28568100593AFE /* PBXContainerItemProxy */;
		};
/* End PBXTargetDependency section */

/* Begin PBXVariantGroup section */
		F2804C4A2A5BF2C6005D9EB3 /* Localizable.strings */ = {
			isa = PBXVariantGroup;
			children = (
				F2804C492A5BF2C6005D9EB3 /* en */,
				F2804C4B2A5BF303005D9EB3 /* ko */,
				F2804C4D2A5BF391005D9EB3 /* es */,
				F2804C4E2A5BF3B0005D9EB3 /* zh-HK */,
				F2804C4F2A5BF3BE005D9EB3 /* ja */,
				F2804C502A5BF3C9005D9EB3 /* de */,
				F2804C512A5BF3D2005D9EB3 /* fr */,
				F2804C522A5BF439005D9EB3 /* it */,
			);
			name = Localizable.strings;
			sourceTree = "<group>";
		};
/* End PBXVariantGroup section */

/* Begin XCBuildConfiguration section */
		4016F0D12A28568100593AFE /* Debug */ = {
			isa = XCBuildConfiguration;
			buildSettings = {
				ALWAYS_SEARCH_USER_PATHS = NO;
				CLANG_ANALYZER_LOCALIZABILITY_NONLOCALIZED = YES;
				CLANG_ANALYZER_NONNULL = YES;
				CLANG_ANALYZER_NUMBER_OBJECT_CONVERSION = YES_AGGRESSIVE;
				CLANG_CXX_LANGUAGE_STANDARD = "gnu++20";
				CLANG_ENABLE_MODULES = YES;
				CLANG_ENABLE_OBJC_ARC = YES;
				CLANG_ENABLE_OBJC_WEAK = YES;
				CLANG_WARN_BLOCK_CAPTURE_AUTORELEASING = YES;
				CLANG_WARN_BOOL_CONVERSION = YES;
				CLANG_WARN_COMMA = YES;
				CLANG_WARN_CONSTANT_CONVERSION = YES;
				CLANG_WARN_DEPRECATED_OBJC_IMPLEMENTATIONS = YES;
				CLANG_WARN_DIRECT_OBJC_ISA_USAGE = YES_ERROR;
				CLANG_WARN_DOCUMENTATION_COMMENTS = YES;
				CLANG_WARN_EMPTY_BODY = YES;
				CLANG_WARN_ENUM_CONVERSION = YES;
				CLANG_WARN_INFINITE_RECURSION = YES;
				CLANG_WARN_INT_CONVERSION = YES;
				CLANG_WARN_NON_LITERAL_NULL_CONVERSION = YES;
				CLANG_WARN_OBJC_IMPLICIT_RETAIN_SELF = YES;
				CLANG_WARN_OBJC_LITERAL_CONVERSION = YES;
				CLANG_WARN_OBJC_ROOT_CLASS = YES_ERROR;
				CLANG_WARN_QUOTED_INCLUDE_IN_FRAMEWORK_HEADER = YES;
				CLANG_WARN_RANGE_LOOP_ANALYSIS = YES;
				CLANG_WARN_STRICT_PROTOTYPES = YES;
				CLANG_WARN_SUSPICIOUS_MOVE = YES;
				CLANG_WARN_UNGUARDED_AVAILABILITY = YES_AGGRESSIVE;
				CLANG_WARN_UNREACHABLE_CODE = YES;
				CLANG_WARN__DUPLICATE_METHOD_MATCH = YES;
				COPY_PHASE_STRIP = NO;
				DEBUG_INFORMATION_FORMAT = dwarf;
				ENABLE_STRICT_OBJC_MSGSEND = YES;
				ENABLE_TESTABILITY = YES;
				GCC_C_LANGUAGE_STANDARD = gnu11;
				GCC_DYNAMIC_NO_PIC = NO;
				GCC_NO_COMMON_BLOCKS = YES;
				GCC_OPTIMIZATION_LEVEL = 0;
				GCC_PREPROCESSOR_DEFINITIONS = (
					"DEBUG=1",
					"$(inherited)",
				);
				GCC_WARN_64_TO_32_BIT_CONVERSION = YES;
				GCC_WARN_ABOUT_RETURN_TYPE = YES_ERROR;
				GCC_WARN_UNDECLARED_SELECTOR = YES;
				GCC_WARN_UNINITIALIZED_AUTOS = YES_AGGRESSIVE;
				GCC_WARN_UNUSED_FUNCTION = YES;
				GCC_WARN_UNUSED_VARIABLE = YES;
				IPHONEOS_DEPLOYMENT_TARGET = 16.2;
				MTL_ENABLE_DEBUG_INFO = INCLUDE_SOURCE;
				MTL_FAST_MATH = YES;
				ONLY_ACTIVE_ARCH = YES;
				SDKROOT = iphoneos;
				SWIFT_ACTIVE_COMPILATION_CONDITIONS = DEBUG;
				SWIFT_OPTIMIZATION_LEVEL = "-Onone";
			};
			name = Debug;
		};
		4016F0D22A28568100593AFE /* Release */ = {
			isa = XCBuildConfiguration;
			buildSettings = {
				ALWAYS_SEARCH_USER_PATHS = NO;
				CLANG_ANALYZER_LOCALIZABILITY_NONLOCALIZED = YES;
				CLANG_ANALYZER_NONNULL = YES;
				CLANG_ANALYZER_NUMBER_OBJECT_CONVERSION = YES_AGGRESSIVE;
				CLANG_CXX_LANGUAGE_STANDARD = "gnu++20";
				CLANG_ENABLE_MODULES = YES;
				CLANG_ENABLE_OBJC_ARC = YES;
				CLANG_ENABLE_OBJC_WEAK = YES;
				CLANG_WARN_BLOCK_CAPTURE_AUTORELEASING = YES;
				CLANG_WARN_BOOL_CONVERSION = YES;
				CLANG_WARN_COMMA = YES;
				CLANG_WARN_CONSTANT_CONVERSION = YES;
				CLANG_WARN_DEPRECATED_OBJC_IMPLEMENTATIONS = YES;
				CLANG_WARN_DIRECT_OBJC_ISA_USAGE = YES_ERROR;
				CLANG_WARN_DOCUMENTATION_COMMENTS = YES;
				CLANG_WARN_EMPTY_BODY = YES;
				CLANG_WARN_ENUM_CONVERSION = YES;
				CLANG_WARN_INFINITE_RECURSION = YES;
				CLANG_WARN_INT_CONVERSION = YES;
				CLANG_WARN_NON_LITERAL_NULL_CONVERSION = YES;
				CLANG_WARN_OBJC_IMPLICIT_RETAIN_SELF = YES;
				CLANG_WARN_OBJC_LITERAL_CONVERSION = YES;
				CLANG_WARN_OBJC_ROOT_CLASS = YES_ERROR;
				CLANG_WARN_QUOTED_INCLUDE_IN_FRAMEWORK_HEADER = YES;
				CLANG_WARN_RANGE_LOOP_ANALYSIS = YES;
				CLANG_WARN_STRICT_PROTOTYPES = YES;
				CLANG_WARN_SUSPICIOUS_MOVE = YES;
				CLANG_WARN_UNGUARDED_AVAILABILITY = YES_AGGRESSIVE;
				CLANG_WARN_UNREACHABLE_CODE = YES;
				CLANG_WARN__DUPLICATE_METHOD_MATCH = YES;
				COPY_PHASE_STRIP = NO;
				DEBUG_INFORMATION_FORMAT = "dwarf-with-dsym";
				ENABLE_NS_ASSERTIONS = NO;
				ENABLE_STRICT_OBJC_MSGSEND = YES;
				GCC_C_LANGUAGE_STANDARD = gnu11;
				GCC_NO_COMMON_BLOCKS = YES;
				GCC_WARN_64_TO_32_BIT_CONVERSION = YES;
				GCC_WARN_ABOUT_RETURN_TYPE = YES_ERROR;
				GCC_WARN_UNDECLARED_SELECTOR = YES;
				GCC_WARN_UNINITIALIZED_AUTOS = YES_AGGRESSIVE;
				GCC_WARN_UNUSED_FUNCTION = YES;
				GCC_WARN_UNUSED_VARIABLE = YES;
				IPHONEOS_DEPLOYMENT_TARGET = 16.2;
				MTL_ENABLE_DEBUG_INFO = NO;
				MTL_FAST_MATH = YES;
				SDKROOT = iphoneos;
				SWIFT_COMPILATION_MODE = wholemodule;
				SWIFT_OPTIMIZATION_LEVEL = "-O";
				VALIDATE_PRODUCT = YES;
			};
			name = Release;
		};
		4016F0D42A28568100593AFE /* Debug */ = {
			isa = XCBuildConfiguration;
			buildSettings = {
				ASSETCATALOG_COMPILER_APPICON_NAME = AppIcon;
				ASSETCATALOG_COMPILER_GLOBAL_ACCENT_COLOR_NAME = AccentColor;
				CLANG_ENABLE_MODULES = YES;
				CODE_SIGN_IDENTITY = "Apple Development";
				CODE_SIGN_STYLE = Automatic;
				CURRENT_PROJECT_VERSION = 1;
				DEVELOPMENT_ASSET_PATHS = "\"What Mins?/Preview Content\"";
				DEVELOPMENT_TEAM = KDRS94T5H3;
				ENABLE_PREVIEWS = YES;
				GENERATE_INFOPLIST_FILE = YES;
				INFOPLIST_KEY_UIApplicationSceneManifest_Generation = YES;
				INFOPLIST_KEY_UIApplicationSupportsIndirectInputEvents = YES;
				INFOPLIST_KEY_UILaunchScreen_Generation = YES;
				INFOPLIST_KEY_UISupportedInterfaceOrientations_iPad = "UIInterfaceOrientationPortrait UIInterfaceOrientationPortraitUpsideDown UIInterfaceOrientationLandscapeLeft UIInterfaceOrientationLandscapeRight";
				INFOPLIST_KEY_UISupportedInterfaceOrientations_iPhone = "UIInterfaceOrientationPortrait UIInterfaceOrientationLandscapeLeft UIInterfaceOrientationLandscapeRight";
				LD_RUNPATH_SEARCH_PATHS = (
					"$(inherited)",
					"@executable_path/Frameworks",
				);
				MARKETING_VERSION = 1.0;
				PRODUCT_BUNDLE_IDENTIFIER = com.giljihun.TimeSpeaker2;
				PRODUCT_NAME = "$(TARGET_NAME)";
				PROVISIONING_PROFILE_SPECIFIER = "";
				SWIFT_EMIT_LOC_STRINGS = YES;
				SWIFT_OBJC_BRIDGING_HEADER = "What Mins?/What Mins?-Bridging-Header.h";
				SWIFT_OPTIMIZATION_LEVEL = "-Onone";
				SWIFT_VERSION = 5.0;
				TARGETED_DEVICE_FAMILY = "1,2";
			};
			name = Debug;
		};
		4016F0D52A28568100593AFE /* Release */ = {
			isa = XCBuildConfiguration;
			buildSettings = {
				ASSETCATALOG_COMPILER_APPICON_NAME = AppIcon;
				ASSETCATALOG_COMPILER_GLOBAL_ACCENT_COLOR_NAME = AccentColor;
				CLANG_ENABLE_MODULES = YES;
				CODE_SIGN_IDENTITY = "Apple Development";
				CODE_SIGN_STYLE = Automatic;
				CURRENT_PROJECT_VERSION = 1;
				DEVELOPMENT_ASSET_PATHS = "\"What Mins?/Preview Content\"";
				DEVELOPMENT_TEAM = KDRS94T5H3;
				ENABLE_PREVIEWS = YES;
				GENERATE_INFOPLIST_FILE = YES;
				INFOPLIST_KEY_UIApplicationSceneManifest_Generation = YES;
				INFOPLIST_KEY_UIApplicationSupportsIndirectInputEvents = YES;
				INFOPLIST_KEY_UILaunchScreen_Generation = YES;
				INFOPLIST_KEY_UISupportedInterfaceOrientations_iPad = "UIInterfaceOrientationPortrait UIInterfaceOrientationPortraitUpsideDown UIInterfaceOrientationLandscapeLeft UIInterfaceOrientationLandscapeRight";
				INFOPLIST_KEY_UISupportedInterfaceOrientations_iPhone = "UIInterfaceOrientationPortrait UIInterfaceOrientationLandscapeLeft UIInterfaceOrientationLandscapeRight";
				LD_RUNPATH_SEARCH_PATHS = (
					"$(inherited)",
					"@executable_path/Frameworks",
				);
				MARKETING_VERSION = 1.0;
				PRODUCT_BUNDLE_IDENTIFIER = com.giljihun.TimeSpeaker2;
				PRODUCT_NAME = "$(TARGET_NAME)";
				PROVISIONING_PROFILE_SPECIFIER = "";
				SWIFT_EMIT_LOC_STRINGS = YES;
				SWIFT_OBJC_BRIDGING_HEADER = "What Mins?/What Mins?-Bridging-Header.h";
				SWIFT_VERSION = 5.0;
				TARGETED_DEVICE_FAMILY = "1,2";
			};
			name = Release;
		};
		4016F0D72A28568100593AFE /* Debug */ = {
			isa = XCBuildConfiguration;
			buildSettings = {
				ALWAYS_EMBED_SWIFT_STANDARD_LIBRARIES = YES;
				BUNDLE_LOADER = "$(TEST_HOST)";
				CODE_SIGN_STYLE = Automatic;
				CURRENT_PROJECT_VERSION = 1;
				DEVELOPMENT_TEAM = 5M5VM39FM9;
				GENERATE_INFOPLIST_FILE = YES;
				IPHONEOS_DEPLOYMENT_TARGET = 16.2;
				MARKETING_VERSION = 1.0;
				PRODUCT_BUNDLE_IDENTIFIER = com.giljihun.TimeSpeakerTests;
				PRODUCT_NAME = "$(TARGET_NAME)";
				SWIFT_EMIT_LOC_STRINGS = NO;
				SWIFT_VERSION = 5.0;
				TARGETED_DEVICE_FAMILY = "1,2";
				TEST_HOST = "$(BUILT_PRODUCTS_DIR)/What Mins?.app/$(BUNDLE_EXECUTABLE_FOLDER_PATH)/What Mins?";
			};
			name = Debug;
		};
		4016F0D82A28568100593AFE /* Release */ = {
			isa = XCBuildConfiguration;
			buildSettings = {
				ALWAYS_EMBED_SWIFT_STANDARD_LIBRARIES = YES;
				BUNDLE_LOADER = "$(TEST_HOST)";
				CODE_SIGN_STYLE = Automatic;
				CURRENT_PROJECT_VERSION = 1;
				DEVELOPMENT_TEAM = 5M5VM39FM9;
				GENERATE_INFOPLIST_FILE = YES;
				IPHONEOS_DEPLOYMENT_TARGET = 16.2;
				MARKETING_VERSION = 1.0;
				PRODUCT_BUNDLE_IDENTIFIER = com.giljihun.TimeSpeakerTests;
				PRODUCT_NAME = "$(TARGET_NAME)";
				SWIFT_EMIT_LOC_STRINGS = NO;
				SWIFT_VERSION = 5.0;
				TARGETED_DEVICE_FAMILY = "1,2";
				TEST_HOST = "$(BUILT_PRODUCTS_DIR)/What Mins?.app/$(BUNDLE_EXECUTABLE_FOLDER_PATH)/What Mins?";
			};
			name = Release;
		};
		4016F0DA2A28568100593AFE /* Debug */ = {
			isa = XCBuildConfiguration;
			buildSettings = {
				ALWAYS_EMBED_SWIFT_STANDARD_LIBRARIES = YES;
				CODE_SIGN_STYLE = Automatic;
				CURRENT_PROJECT_VERSION = 1;
				DEVELOPMENT_TEAM = 5M5VM39FM9;
				GENERATE_INFOPLIST_FILE = YES;
				MARKETING_VERSION = 1.0;
				PRODUCT_BUNDLE_IDENTIFIER = com.giljihun.TimeSpeakerUITests;
				PRODUCT_NAME = "$(TARGET_NAME)";
				SWIFT_EMIT_LOC_STRINGS = NO;
				SWIFT_VERSION = 5.0;
				TARGETED_DEVICE_FAMILY = "1,2";
				TEST_TARGET_NAME = TimeSpeaker;
			};
			name = Debug;
		};
		4016F0DB2A28568100593AFE /* Release */ = {
			isa = XCBuildConfiguration;
			buildSettings = {
				ALWAYS_EMBED_SWIFT_STANDARD_LIBRARIES = YES;
				CODE_SIGN_STYLE = Automatic;
				CURRENT_PROJECT_VERSION = 1;
				DEVELOPMENT_TEAM = 5M5VM39FM9;
				GENERATE_INFOPLIST_FILE = YES;
				MARKETING_VERSION = 1.0;
				PRODUCT_BUNDLE_IDENTIFIER = com.giljihun.TimeSpeakerUITests;
				PRODUCT_NAME = "$(TARGET_NAME)";
				SWIFT_EMIT_LOC_STRINGS = NO;
				SWIFT_VERSION = 5.0;
				TARGETED_DEVICE_FAMILY = "1,2";
				TEST_TARGET_NAME = TimeSpeaker;
			};
			name = Release;
		};
/* End XCBuildConfiguration section */

/* Begin XCConfigurationList section */
		4016F0AA2A28568000593AFE /* Build configuration list for PBXProject "What Mins?" */ = {
			isa = XCConfigurationList;
			buildConfigurations = (
				4016F0D12A28568100593AFE /* Debug */,
				4016F0D22A28568100593AFE /* Release */,
			);
			defaultConfigurationIsVisible = 0;
			defaultConfigurationName = Release;
		};
		4016F0D32A28568100593AFE /* Build configuration list for PBXNativeTarget "What Mins?" */ = {
			isa = XCConfigurationList;
			buildConfigurations = (
				4016F0D42A28568100593AFE /* Debug */,
				4016F0D52A28568100593AFE /* Release */,
			);
			defaultConfigurationIsVisible = 0;
			defaultConfigurationName = Release;
		};
		4016F0D62A28568100593AFE /* Build configuration list for PBXNativeTarget "What Mins?Tests" */ = {
			isa = XCConfigurationList;
			buildConfigurations = (
				4016F0D72A28568100593AFE /* Debug */,
				4016F0D82A28568100593AFE /* Release */,
			);
			defaultConfigurationIsVisible = 0;
			defaultConfigurationName = Release;
		};
		4016F0D92A28568100593AFE /* Build configuration list for PBXNativeTarget "What Mins?UITests" */ = {
			isa = XCConfigurationList;
			buildConfigurations = (
				4016F0DA2A28568100593AFE /* Debug */,
				4016F0DB2A28568100593AFE /* Release */,
			);
			defaultConfigurationIsVisible = 0;
			defaultConfigurationName = Release;
		};
/* End XCConfigurationList section */
	};
	rootObject = 4016F0A72A28568000593AFE /* Project object */;
}
